
Microsoft Visual Studio Solution File, Format Version 12.00
# Visual Studio Version 17
VisualStudioVersion = 17.5.002.0
MinimumVisualStudioVersion = 10.0.40219.1
Project("{2150E333-8FDC-42A3-9474-1A3956D46DE8}") = "csharp-prep", "csharp-prep", "{FD7C4EB7-8492-4528-956D-DFE826968914}"
EndProject
Project("{9A19103F-16F7-4668-BE54-9A1E7A4F7556}") = "Prep1", "csharp-prep\Prep1\Prep1.csproj", "{20FBB621-FBD3-4E55-A524-F0384D1F82DB}"
EndProject
Project("{9A19103F-16F7-4668-BE54-9A1E7A4F7556}") = "Prep2", "csharp-prep\Prep2\Prep2.csproj", "{B2573F7B-EF94-471D-881A-4B52F1DD782F}"
EndProject
Project("{9A19103F-16F7-4668-BE54-9A1E7A4F7556}") = "Prep3", "csharp-prep\Prep3\Prep3.csproj", "{A8E41B4B-8B7A-44AB-8613-796D6323974D}"
EndProject
Project("{9A19103F-16F7-4668-BE54-9A1E7A4F7556}") = "Prep4", "csharp-prep\Prep4\Prep4.csproj", "{20D9D8D5-D6BE-4E0E-B919-51E275E2F792}"
EndProject
Project("{9A19103F-16F7-4668-BE54-9A1E7A4F7556}") = "Prep5", "csharp-prep\Prep5\Prep5.csproj", "{D5288402-6D6B-4A6B-B84C-9DFE121BE269}"
EndProject
Project("{2150E333-8FDC-42A3-9474-1A3956D46DE8}") = "final", "final", "{AC9D0562-7D56-4ABA-AE2F-AD4493473533}"
EndProject
Project("{9A19103F-16F7-4668-BE54-9A1E7A4F7556}") = "FinalProject", "final\FinalProject\FinalProject.csproj", "{1793F216-9F2A-41A7-A0EB-89D6515AF217}"
EndProject
Project("{9A19103F-16F7-4668-BE54-9A1E7A4F7556}") = "Foundation1", "final\Foundation1\Foundation1.csproj", "{D07CD286-5155-4BC6-B4AD-6392B8C3B718}"
EndProject
Project("{9A19103F-16F7-4668-BE54-9A1E7A4F7556}") = "Foundation2", "final\Foundation2\Foundation2.csproj", "{11250FAA-B360-43DA-A0CE-B778FBE3FD41}"
EndProject
Project("{9A19103F-16F7-4668-BE54-9A1E7A4F7556}") = "Foundation3", "final\Foundation3\Foundation3.csproj", "{8A7F8470-90B8-4027-A048-B4BC44A8624A}"
EndProject
Project("{9A19103F-16F7-4668-BE54-9A1E7A4F7556}") = "Foundation4", "final\Foundation4\Foundation4.csproj", "{FE580DB6-118A-4753-9E49-80E9F36D7E21}"
EndProject
Project("{2150E333-8FDC-42A3-9474-1A3956D46DE8}") = "prepare", "prepare", "{03EA028D-4DA9-49CD-8AD7-557D7EA0BE0A}"
EndProject
Project("{9A19103F-16F7-4668-BE54-9A1E7A4F7556}") = "Learning02", "prepare\Learning02\Learning02.csproj", "{EC84FA3C-C596-43E3-9380-0904A541ECFA}"
EndProject
Project("{9A19103F-16F7-4668-BE54-9A1E7A4F7556}") = "Learning03", "prepare\Learning03\Learning03.csproj", "{252E9521-C5A0-48DC-86B2-85C2E00FD371}"
EndProject
Project("{9A19103F-16F7-4668-BE54-9A1E7A4F7556}") = "Learning04", "prepare\Learning04\Learning04.csproj", "{32AFD019-1212-46E5-B278-258CCDB12D8C}"
EndProject
Project("{9A19103F-16F7-4668-BE54-9A1E7A4F7556}") = "Learning05", "prepare\Learning05\Learning05.csproj", "{84A38A7F-3AD5-4BD3-9B58-10FE8833AC0E}"
EndProject
Project("{2150E333-8FDC-42A3-9474-1A3956D46DE8}") = "prove", "prove", "{CDD29710-3971-4F27-8EDF-D3A594F50A44}"
EndProject
Project("{9A19103F-16F7-4668-BE54-9A1E7A4F7556}") = "Develop02", "prove\Develop02\Develop02.csproj", "{FF9D2164-A2A5-4A14-B3D5-59E49FD82EEF}"
EndProject
Project("{9A19103F-16F7-4668-BE54-9A1E7A4F7556}") = "Develop03", "prove\Develop03\Develop03.csproj", "{D5B37F9E-4DBA-4F30-B1CE-4C3EFD55FB1C}"
EndProject
Project("{9A19103F-16F7-4668-BE54-9A1E7A4F7556}") = "Develop04", "prove\Develop04\Develop04.csproj", "{EF5077ED-7893-4D43-B5D0-6CE09300157D}"
EndProject
Project("{9A19103F-16F7-4668-BE54-9A1E7A4F7556}") = "Develop05", "prove\Develop05\Develop05.csproj", "{E1FC9D54-EDD4-48F9-83E8-396B5E8CDAB7}"
EndProject
Project("{2150E333-8FDC-42A3-9474-1A3956D46DE8}") = "sandbox", "sandbox", "{23D9B179-105C-431F-8F33-D38E0985DA1A}"
EndProject
Project("{9A19103F-16F7-4668-BE54-9A1E7A4F7556}") = "Sandbox", "sandbox\Sandbox\Sandbox.csproj", "{B2345C00-9D01-4CB5-973F-873D1E5E7889}"
EndProject
Global
	GlobalSection(SolutionConfigurationPlatforms) = preSolution
		Debug|Any CPU = Debug|Any CPU
		Release|Any CPU = Release|Any CPU
	EndGlobalSection
	GlobalSection(ProjectConfigurationPlatforms) = postSolution
		{20FBB621-FBD3-4E55-A524-F0384D1F82DB}.Debug|Any CPU.ActiveCfg = Debug|Any CPU
		{20FBB621-FBD3-4E55-A524-F0384D1F82DB}.Debug|Any CPU.Build.0 = Debug|Any CPU
		{20FBB621-FBD3-4E55-A524-F0384D1F82DB}.Release|Any CPU.ActiveCfg = Release|Any CPU
		{20FBB621-FBD3-4E55-A524-F0384D1F82DB}.Release|Any CPU.Build.0 = Release|Any CPU
		{B2573F7B-EF94-471D-881A-4B52F1DD782F}.Debug|Any CPU.ActiveCfg = Debug|Any CPU
		{B2573F7B-EF94-471D-881A-4B52F1DD782F}.Debug|Any CPU.Build.0 = Debug|Any CPU
		{B2573F7B-EF94-471D-881A-4B52F1DD782F}.Release|Any CPU.ActiveCfg = Release|Any CPU
		{B2573F7B-EF94-471D-881A-4B52F1DD782F}.Release|Any CPU.Build.0 = Release|Any CPU
		{A8E41B4B-8B7A-44AB-8613-796D6323974D}.Debug|Any CPU.ActiveCfg = Debug|Any CPU
		{A8E41B4B-8B7A-44AB-8613-796D6323974D}.Debug|Any CPU.Build.0 = Debug|Any CPU
		{A8E41B4B-8B7A-44AB-8613-796D6323974D}.Release|Any CPU.ActiveCfg = Release|Any CPU
		{A8E41B4B-8B7A-44AB-8613-796D6323974D}.Release|Any CPU.Build.0 = Release|Any CPU
		{20D9D8D5-D6BE-4E0E-B919-51E275E2F792}.Debug|Any CPU.ActiveCfg = Debug|Any CPU
		{20D9D8D5-D6BE-4E0E-B919-51E275E2F792}.Debug|Any CPU.Build.0 = Debug|Any CPU
		{20D9D8D5-D6BE-4E0E-B919-51E275E2F792}.Release|Any CPU.ActiveCfg = Release|Any CPU
		{20D9D8D5-D6BE-4E0E-B919-51E275E2F792}.Release|Any CPU.Build.0 = Release|Any CPU
		{D5288402-6D6B-4A6B-B84C-9DFE121BE269}.Debug|Any CPU.ActiveCfg = Debug|Any CPU
		{D5288402-6D6B-4A6B-B84C-9DFE121BE269}.Debug|Any CPU.Build.0 = Debug|Any CPU
		{D5288402-6D6B-4A6B-B84C-9DFE121BE269}.Release|Any CPU.ActiveCfg = Release|Any CPU
		{D5288402-6D6B-4A6B-B84C-9DFE121BE269}.Release|Any CPU.Build.0 = Release|Any CPU
		{1793F216-9F2A-41A7-A0EB-89D6515AF217}.Debug|Any CPU.ActiveCfg = Debug|Any CPU
		{1793F216-9F2A-41A7-A0EB-89D6515AF217}.Debug|Any CPU.Build.0 = Debug|Any CPU
		{1793F216-9F2A-41A7-A0EB-89D6515AF217}.Release|Any CPU.ActiveCfg = Release|Any CPU
		{1793F216-9F2A-41A7-A0EB-89D6515AF217}.Release|Any CPU.Build.0 = Release|Any CPU
		{D07CD286-5155-4BC6-B4AD-6392B8C3B718}.Debug|Any CPU.ActiveCfg = Debug|Any CPU
		{D07CD286-5155-4BC6-B4AD-6392B8C3B718}.Debug|Any CPU.Build.0 = Debug|Any CPU
		{D07CD286-5155-4BC6-B4AD-6392B8C3B718}.Release|Any CPU.ActiveCfg = Release|Any CPU
		{D07CD286-5155-4BC6-B4AD-6392B8C3B718}.Release|Any CPU.Build.0 = Release|Any CPU
		{11250FAA-B360-43DA-A0CE-B778FBE3FD41}.Debug|Any CPU.ActiveCfg = Debug|Any CPU
		{11250FAA-B360-43DA-A0CE-B778FBE3FD41}.Debug|Any CPU.Build.0 = Debug|Any CPU
		{11250FAA-B360-43DA-A0CE-B778FBE3FD41}.Release|Any CPU.ActiveCfg = Release|Any CPU
		{11250FAA-B360-43DA-A0CE-B778FBE3FD41}.Release|Any CPU.Build.0 = Release|Any CPU
		{8A7F8470-90B8-4027-A048-B4BC44A8624A}.Debug|Any CPU.ActiveCfg = Debug|Any CPU
		{8A7F8470-90B8-4027-A048-B4BC44A8624A}.Debug|Any CPU.Build.0 = Debug|Any CPU
		{8A7F8470-90B8-4027-A048-B4BC44A8624A}.Release|Any CPU.ActiveCfg = Release|Any CPU
		{8A7F8470-90B8-4027-A048-B4BC44A8624A}.Release|Any CPU.Build.0 = Release|Any CPU
		{FE580DB6-118A-4753-9E49-80E9F36D7E21}.Debug|Any CPU.ActiveCfg = Debug|Any CPU
		{FE580DB6-118A-4753-9E49-80E9F36D7E21}.Debug|Any CPU.Build.0 = Debug|Any CPU
		{FE580DB6-118A-4753-9E49-80E9F36D7E21}.Release|Any CPU.ActiveCfg = Release|Any CPU
		{FE580DB6-118A-4753-9E49-80E9F36D7E21}.Release|Any CPU.Build.0 = Release|Any CPU
		{EC84FA3C-C596-43E3-9380-0904A541ECFA}.Debug|Any CPU.ActiveCfg = Debug|Any CPU
		{EC84FA3C-C596-43E3-9380-0904A541ECFA}.Debug|Any CPU.Build.0 = Debug|Any CPU
		{EC84FA3C-C596-43E3-9380-0904A541ECFA}.Release|Any CPU.ActiveCfg = Release|Any CPU
		{EC84FA3C-C596-43E3-9380-0904A541ECFA}.Release|Any CPU.Build.0 = Release|Any CPU
		{252E9521-C5A0-48DC-86B2-85C2E00FD371}.Debug|Any CPU.ActiveCfg = Debug|Any CPU
		{252E9521-C5A0-48DC-86B2-85C2E00FD371}.Debug|Any CPU.Build.0 = Debug|Any CPU
		{252E9521-C5A0-48DC-86B2-85C2E00FD371}.Release|Any CPU.ActiveCfg = Release|Any CPU
		{252E9521-C5A0-48DC-86B2-85C2E00FD371}.Release|Any CPU.Build.0 = Release|Any CPU
		{32AFD019-1212-46E5-B278-258CCDB12D8C}.Debug|Any CPU.ActiveCfg = Debug|Any CPU
		{32AFD019-1212-46E5-B278-258CCDB12D8C}.Debug|Any CPU.Build.0 = Debug|Any CPU
		{32AFD019-1212-46E5-B278-258CCDB12D8C}.Release|Any CPU.ActiveCfg = Release|Any CPU
		{32AFD019-1212-46E5-B278-258CCDB12D8C}.Release|Any CPU.Build.0 = Release|Any CPU
		{84A38A7F-3AD5-4BD3-9B58-10FE8833AC0E}.Debug|Any CPU.ActiveCfg = Debug|Any CPU
		{84A38A7F-3AD5-4BD3-9B58-10FE8833AC0E}.Debug|Any CPU.Build.0 = Debug|Any CPU
		{84A38A7F-3AD5-4BD3-9B58-10FE8833AC0E}.Release|Any CPU.ActiveCfg = Release|Any CPU
		{84A38A7F-3AD5-4BD3-9B58-10FE8833AC0E}.Release|Any CPU.Build.0 = Release|Any CPU
		{FF9D2164-A2A5-4A14-B3D5-59E49FD82EEF}.Debug|Any CPU.ActiveCfg = Debug|Any CPU
		{FF9D2164-A2A5-4A14-B3D5-59E49FD82EEF}.Debug|Any CPU.Build.0 = Debug|Any CPU
		{FF9D2164-A2A5-4A14-B3D5-59E49FD82EEF}.Release|Any CPU.ActiveCfg = Release|Any CPU
		{FF9D2164-A2A5-4A14-B3D5-59E49FD82EEF}.Release|Any CPU.Build.0 = Release|Any CPU
		{D5B37F9E-4DBA-4F30-B1CE-4C3EFD55FB1C}.Debug|Any CPU.ActiveCfg = Debug|Any CPU
		{D5B37F9E-4DBA-4F30-B1CE-4C3EFD55FB1C}.Debug|Any CPU.Build.0 = Debug|Any CPU
		{D5B37F9E-4DBA-4F30-B1CE-4C3EFD55FB1C}.Release|Any CPU.ActiveCfg = Release|Any CPU
		{D5B37F9E-4DBA-4F30-B1CE-4C3EFD55FB1C}.Release|Any CPU.Build.0 = Release|Any CPU
		{EF5077ED-7893-4D43-B5D0-6CE09300157D}.Debug|Any CPU.ActiveCfg = Debug|Any CPU
		{EF5077ED-7893-4D43-B5D0-6CE09300157D}.Debug|Any CPU.Build.0 = Debug|Any CPU
		{EF5077ED-7893-4D43-B5D0-6CE09300157D}.Release|Any CPU.ActiveCfg = Release|Any CPU
		{EF5077ED-7893-4D43-B5D0-6CE09300157D}.Release|Any CPU.Build.0 = Release|Any CPU
		{E1FC9D54-EDD4-48F9-83E8-396B5E8CDAB7}.Debug|Any CPU.ActiveCfg = Debug|Any CPU
		{E1FC9D54-EDD4-48F9-83E8-396B5E8CDAB7}.Debug|Any CPU.Build.0 = Debug|Any CPU
		{E1FC9D54-EDD4-48F9-83E8-396B5E8CDAB7}.Release|Any CPU.ActiveCfg = Release|Any CPU
		{E1FC9D54-EDD4-48F9-83E8-396B5E8CDAB7}.Release|Any CPU.Build.0 = Release|Any CPU
		{B2345C00-9D01-4CB5-973F-873D1E5E7889}.Debug|Any CPU.ActiveCfg = Debug|Any CPU
		{B2345C00-9D01-4CB5-973F-873D1E5E7889}.Debug|Any CPU.Build.0 = Debug|Any CPU
		{B2345C00-9D01-4CB5-973F-873D1E5E7889}.Release|Any CPU.ActiveCfg = Release|Any CPU
		{B2345C00-9D01-4CB5-973F-873D1E5E7889}.Release|Any CPU.Build.0 = Release|Any CPU
	EndGlobalSection
	GlobalSection(SolutionProperties) = preSolution
		HideSolutionNode = FALSE
	EndGlobalSection
	GlobalSection(NestedProjects) = preSolution
		{20FBB621-FBD3-4E55-A524-F0384D1F82DB} = {FD7C4EB7-8492-4528-956D-DFE826968914}
		{B2573F7B-EF94-471D-881A-4B52F1DD782F} = {FD7C4EB7-8492-4528-956D-DFE826968914}
		{A8E41B4B-8B7A-44AB-8613-796D6323974D} = {FD7C4EB7-8492-4528-956D-DFE826968914}
		{20D9D8D5-D6BE-4E0E-B919-51E275E2F792} = {FD7C4EB7-8492-4528-956D-DFE826968914}
		{D5288402-6D6B-4A6B-B84C-9DFE121BE269} = {FD7C4EB7-8492-4528-956D-DFE826968914}
		{1793F216-9F2A-41A7-A0EB-89D6515AF217} = {AC9D0562-7D56-4ABA-AE2F-AD4493473533}
		{D07CD286-5155-4BC6-B4AD-6392B8C3B718} = {AC9D0562-7D56-4ABA-AE2F-AD4493473533}
		{11250FAA-B360-43DA-A0CE-B778FBE3FD41} = {AC9D0562-7D56-4ABA-AE2F-AD4493473533}
		{8A7F8470-90B8-4027-A048-B4BC44A8624A} = {AC9D0562-7D56-4ABA-AE2F-AD4493473533}
		{FE580DB6-118A-4753-9E49-80E9F36D7E21} = {AC9D0562-7D56-4ABA-AE2F-AD4493473533}
		{EC84FA3C-C596-43E3-9380-0904A541ECFA} = {03EA028D-4DA9-49CD-8AD7-557D7EA0BE0A}
		{252E9521-C5A0-48DC-86B2-85C2E00FD371} = {03EA028D-4DA9-49CD-8AD7-557D7EA0BE0A}
		{32AFD019-1212-46E5-B278-258CCDB12D8C} = {03EA028D-4DA9-49CD-8AD7-557D7EA0BE0A}
		{84A38A7F-3AD5-4BD3-9B58-10FE8833AC0E} = {03EA028D-4DA9-49CD-8AD7-557D7EA0BE0A}
		{FF9D2164-A2A5-4A14-B3D5-59E49FD82EEF} = {CDD29710-3971-4F27-8EDF-D3A594F50A44}
		{D5B37F9E-4DBA-4F30-B1CE-4C3EFD55FB1C} = {CDD29710-3971-4F27-8EDF-D3A594F50A44}
		{EF5077ED-7893-4D43-B5D0-6CE09300157D} = {CDD29710-3971-4F27-8EDF-D3A594F50A44}
		{E1FC9D54-EDD4-48F9-83E8-396B5E8CDAB7} = {CDD29710-3971-4F27-8EDF-D3A594F50A44}
		{B2345C00-9D01-4CB5-973F-873D1E5E7889} = {23D9B179-105C-431F-8F33-D38E0985DA1A}
	EndGlobalSection
	GlobalSection(ExtensibilityGlobals) = postSolution
		SolutionGuid = {9A51CF4D-5551-46F7-AE96-D1DA11483EDE}
	EndGlobalSection
EndGlobal
